
Microsoft Visual Studio Solution File, Format Version 12.00
# Visual Studio 15
VisualStudioVersion = 15.0.27703.2042
MinimumVisualStudioVersion = 10.0.40219.1
Project("{F2A71F9B-5D33-465A-A702-920D77279786}") = "MasterMind", "MasterMind\MasterMind.fsproj", "{0F6ED729-9C3F-49F0-AB7C-9357BDEBB601}"
EndProject
Global
	GlobalSection(SolutionConfigurationPlatforms) = preSolution
		Debug|Any CPU = Debug|Any CPU
		Release|Any CPU = Release|Any CPU
	EndGlobalSection
	GlobalSection(ProjectConfigurationPlatforms) = postSolution
		{0F6ED729-9C3F-49F0-AB7C-9357BDEBB601}.Debug|Any CPU.ActiveCfg = Debug|Any CPU
		{0F6ED729-9C3F-49F0-AB7C-9357BDEBB601}.Debug|Any CPU.Build.0 = Debug|Any CPU
		{0F6ED729-9C3F-49F0-AB7C-9357BDEBB601}.Release|Any CPU.ActiveCfg = Release|Any CPU
		{0F6ED729-9C3F-49F0-AB7C-9357BDEBB601}.Release|Any CPU.Build.0 = Release|Any CPU
	EndGlobalSection
	GlobalSection(SolutionProperties) = preSolution
		HideSolutionNode = FALSE
	EndGlobalSection
	GlobalSection(ExtensibilityGlobals) = postSolution
		SolutionGuid = {F287D8C6-06F9-4974-9EEA-4BE0171F2F51}
	EndGlobalSection
EndGlobal
